github.com/BurntSushi/toml v0.2.1-0.20160426202516-f0aeabca5a12 h1:8dFVzWNyce4k1Zmpd4a0HgqdYpd2o8jOqn2BRAnBHI0=
github.com/BurntSushi/toml v0.2.1-0.20160426202516-f0aeabca5a12/go.mod h1:xHWCNGjB5oqiDr8zfno3MHue2Ht5sIBksp03qcyfWMU=
github.com/gocarina/gocsv v0.0.0-20160803065329-80ac68b8d188 h1:wbqHa0tG1sGcTpgFdEMZ6Qxjs3W/LAQPcdCoFPYuCTY=
github.com/gocarina/gocsv v0.0.0-20160803065329-80ac68b8d188/go.mod h1:/oj50ZdPq/cUjA02lMZhijk5kR31SEydKyqah1OgBuo=
github.com/mattn/go-runewidth v0.0.0-20160216110916-d037b52ae5c0 h1:cnFPVNHseYErMRhF/ZSQ2F6dfUiCxRjW9poZYzGEh+c=
github.com/mattn/go-runewidth v0.0.0-20160216110916-d037b52ae5c0/go.mod h1:LwmH8dsx7+W8Uxz3IHJYH5QSwggIsqBzpuz5H//U1FU=
github.com/olekukonko/tablewriter v0.0.0-20160115111002-cca8bbc07984 h1:c9gVtoY8wPlhJIN2V2I1V+Fn9UcXM8mDG8IHv/1c3r8=
github.com/olekukonko/tablewriter v0.0.0-20160115111002-cca8bbc07984/go.mod h1:vsDQFd/mU46D+Z4whnwzcISnGGzXWMclvtLoiIKAKIo=
